
Microsoft Visual Studio Solution File, Format Version 12.00
# Visual Studio 15
VisualStudioVersion = 15.0.28307.1259
MinimumVisualStudioVersion = 10.0.40219.1
Project("{FAE04EC0-301F-11D3-BF4B-00C04F79EFBC}") = "Uri1018", "Uri1018\Uri1018.csproj", "{4E40B7B2-1495-4FEE-9925-52E8D90CF6F0}"
EndProject
Global
	GlobalSection(SolutionConfigurationPlatforms) = preSolution
		Debug|Any CPU = Debug|Any CPU
		Release|Any CPU = Release|Any CPU
	EndGlobalSection
	GlobalSection(ProjectConfigurationPlatforms) = postSolution
		{4E40B7B2-1495-4FEE-9925-52E8D90CF6F0}.Debug|Any CPU.ActiveCfg = Debug|Any CPU
		{4E40B7B2-1495-4FEE-9925-52E8D90CF6F0}.Debug|Any CPU.Build.0 = Debug|Any CPU
		{4E40B7B2-1495-4FEE-9925-52E8D90CF6F0}.Release|Any CPU.ActiveCfg = Release|Any CPU
		{4E40B7B2-1495-4FEE-9925-52E8D90CF6F0}.Release|Any CPU.Build.0 = Release|Any CPU
	EndGlobalSection
	GlobalSection(SolutionProperties) = preSolution
		HideSolutionNode = FALSE
	EndGlobalSection
	GlobalSection(ExtensibilityGlobals) = postSolution
		SolutionGuid = {7D1447A5-59A5-47F8-831F-8CA265C22E32}
	EndGlobalSection
EndGlobal
