
Microsoft Visual Studio Solution File, Format Version 12.00
# Visual Studio Version 16
VisualStudioVersion = 16.0.31613.86
MinimumVisualStudioVersion = 10.0.40219.1
Project("{FAE04EC0-301F-11D3-BF4B-00C04F79EFBC}") = "URI1051", "URI1051\URI1051.csproj", "{D67A9476-509F-4783-AE85-7F5350C92D7C}"
EndProject
Global
	GlobalSection(SolutionConfigurationPlatforms) = preSolution
		Debug|Any CPU = Debug|Any CPU
		Release|Any CPU = Release|Any CPU
	EndGlobalSection
	GlobalSection(ProjectConfigurationPlatforms) = postSolution
		{D67A9476-509F-4783-AE85-7F5350C92D7C}.Debug|Any CPU.ActiveCfg = Debug|Any CPU
		{D67A9476-509F-4783-AE85-7F5350C92D7C}.Debug|Any CPU.Build.0 = Debug|Any CPU
		{D67A9476-509F-4783-AE85-7F5350C92D7C}.Release|Any CPU.ActiveCfg = Release|Any CPU
		{D67A9476-509F-4783-AE85-7F5350C92D7C}.Release|Any CPU.Build.0 = Release|Any CPU
	EndGlobalSection
	GlobalSection(SolutionProperties) = preSolution
		HideSolutionNode = FALSE
	EndGlobalSection
	GlobalSection(ExtensibilityGlobals) = postSolution
		SolutionGuid = {773A9DD3-421C-4460-9310-FE7A652C3989}
	EndGlobalSection
EndGlobal
