
Microsoft Visual Studio Solution File, Format Version 12.00
# Visual Studio Version 16
VisualStudioVersion = 16.0.31613.86
MinimumVisualStudioVersion = 10.0.40219.1
Project("{FAE04EC0-301F-11D3-BF4B-00C04F79EFBC}") = "1049", "1049\1049.csproj", "{CA3F84A7-2CA9-4408-976E-A213457A11CF}"
EndProject
Global
	GlobalSection(SolutionConfigurationPlatforms) = preSolution
		Debug|Any CPU = Debug|Any CPU
		Release|Any CPU = Release|Any CPU
	EndGlobalSection
	GlobalSection(ProjectConfigurationPlatforms) = postSolution
		{CA3F84A7-2CA9-4408-976E-A213457A11CF}.Debug|Any CPU.ActiveCfg = Debug|Any CPU
		{CA3F84A7-2CA9-4408-976E-A213457A11CF}.Debug|Any CPU.Build.0 = Debug|Any CPU
		{CA3F84A7-2CA9-4408-976E-A213457A11CF}.Release|Any CPU.ActiveCfg = Release|Any CPU
		{CA3F84A7-2CA9-4408-976E-A213457A11CF}.Release|Any CPU.Build.0 = Release|Any CPU
	EndGlobalSection
	GlobalSection(SolutionProperties) = preSolution
		HideSolutionNode = FALSE
	EndGlobalSection
	GlobalSection(ExtensibilityGlobals) = postSolution
		SolutionGuid = {CC6AF5F5-D954-4178-BE5E-48ABE44E3BB7}
	EndGlobalSection
EndGlobal
