
Microsoft Visual Studio Solution File, Format Version 12.00
# Visual Studio 15
VisualStudioVersion = 15.0.28307.1401
MinimumVisualStudioVersion = 10.0.40219.1
Project("{FAE04EC0-301F-11D3-BF4B-00C04F79EFBC}") = "URI1044", "URI1044\URI1044.csproj", "{C65FF121-08B2-4FDE-A888-F2570DCC413B}"
EndProject
Global
	GlobalSection(SolutionConfigurationPlatforms) = preSolution
		Debug|Any CPU = Debug|Any CPU
		Release|Any CPU = Release|Any CPU
	EndGlobalSection
	GlobalSection(ProjectConfigurationPlatforms) = postSolution
		{C65FF121-08B2-4FDE-A888-F2570DCC413B}.Debug|Any CPU.ActiveCfg = Debug|Any CPU
		{C65FF121-08B2-4FDE-A888-F2570DCC413B}.Debug|Any CPU.Build.0 = Debug|Any CPU
		{C65FF121-08B2-4FDE-A888-F2570DCC413B}.Release|Any CPU.ActiveCfg = Release|Any CPU
		{C65FF121-08B2-4FDE-A888-F2570DCC413B}.Release|Any CPU.Build.0 = Release|Any CPU
	EndGlobalSection
	GlobalSection(SolutionProperties) = preSolution
		HideSolutionNode = FALSE
	EndGlobalSection
	GlobalSection(ExtensibilityGlobals) = postSolution
		SolutionGuid = {82ED5FE3-E91F-4E08-BA0F-88BD72B83A1D}
	EndGlobalSection
EndGlobal
