
Microsoft Visual Studio Solution File, Format Version 12.00
# Visual Studio Version 16
VisualStudioVersion = 16.0.31613.86
MinimumVisualStudioVersion = 10.0.40219.1
Project("{FAE04EC0-301F-11D3-BF4B-00C04F79EFBC}") = "ContestBS23", "ContestBS23\ContestBS23.csproj", "{74CD8657-7A82-4A5A-9A97-F6CE7B11FA60}"
EndProject
Global
	GlobalSection(SolutionConfigurationPlatforms) = preSolution
		Debug|Any CPU = Debug|Any CPU
		Release|Any CPU = Release|Any CPU
	EndGlobalSection
	GlobalSection(ProjectConfigurationPlatforms) = postSolution
		{74CD8657-7A82-4A5A-9A97-F6CE7B11FA60}.Debug|Any CPU.ActiveCfg = Debug|Any CPU
		{74CD8657-7A82-4A5A-9A97-F6CE7B11FA60}.Debug|Any CPU.Build.0 = Debug|Any CPU
		{74CD8657-7A82-4A5A-9A97-F6CE7B11FA60}.Release|Any CPU.ActiveCfg = Release|Any CPU
		{74CD8657-7A82-4A5A-9A97-F6CE7B11FA60}.Release|Any CPU.Build.0 = Release|Any CPU
	EndGlobalSection
	GlobalSection(SolutionProperties) = preSolution
		HideSolutionNode = FALSE
	EndGlobalSection
	GlobalSection(ExtensibilityGlobals) = postSolution
		SolutionGuid = {A48B16A6-441D-4515-A5F9-02FC723BB6AD}
	EndGlobalSection
EndGlobal
