
Microsoft Visual Studio Solution File, Format Version 12.00
# Visual Studio Version 16
VisualStudioVersion = 16.0.29613.14
MinimumVisualStudioVersion = 10.0.40219.1
Project("{FAE04EC0-301F-11D3-BF4B-00C04F79EFBC}") = "URI1045", "URI1045\URI1045.csproj", "{08A37EC1-B307-4E3A-8A8F-441527A41FE0}"
EndProject
Global
	GlobalSection(SolutionConfigurationPlatforms) = preSolution
		Debug|Any CPU = Debug|Any CPU
		Release|Any CPU = Release|Any CPU
	EndGlobalSection
	GlobalSection(ProjectConfigurationPlatforms) = postSolution
		{08A37EC1-B307-4E3A-8A8F-441527A41FE0}.Debug|Any CPU.ActiveCfg = Debug|Any CPU
		{08A37EC1-B307-4E3A-8A8F-441527A41FE0}.Debug|Any CPU.Build.0 = Debug|Any CPU
		{08A37EC1-B307-4E3A-8A8F-441527A41FE0}.Release|Any CPU.ActiveCfg = Release|Any CPU
		{08A37EC1-B307-4E3A-8A8F-441527A41FE0}.Release|Any CPU.Build.0 = Release|Any CPU
	EndGlobalSection
	GlobalSection(SolutionProperties) = preSolution
		HideSolutionNode = FALSE
	EndGlobalSection
	GlobalSection(ExtensibilityGlobals) = postSolution
		SolutionGuid = {BCE574AB-D93F-4E70-A98A-9AA46DEF9B73}
	EndGlobalSection
EndGlobal
