
Microsoft Visual Studio Solution File, Format Version 12.00
# Visual Studio 15
VisualStudioVersion = 15.0.28307.1401
MinimumVisualStudioVersion = 10.0.40219.1
Project("{FAE04EC0-301F-11D3-BF4B-00C04F79EFBC}") = "URI-1042", "URI-1042\URI-1042.csproj", "{A42CCB70-E59D-403B-A5AC-CF45ACC5023C}"
EndProject
Global
	GlobalSection(SolutionConfigurationPlatforms) = preSolution
		Debug|Any CPU = Debug|Any CPU
		Release|Any CPU = Release|Any CPU
	EndGlobalSection
	GlobalSection(ProjectConfigurationPlatforms) = postSolution
		{A42CCB70-E59D-403B-A5AC-CF45ACC5023C}.Debug|Any CPU.ActiveCfg = Debug|Any CPU
		{A42CCB70-E59D-403B-A5AC-CF45ACC5023C}.Debug|Any CPU.Build.0 = Debug|Any CPU
		{A42CCB70-E59D-403B-A5AC-CF45ACC5023C}.Release|Any CPU.ActiveCfg = Release|Any CPU
		{A42CCB70-E59D-403B-A5AC-CF45ACC5023C}.Release|Any CPU.Build.0 = Release|Any CPU
	EndGlobalSection
	GlobalSection(SolutionProperties) = preSolution
		HideSolutionNode = FALSE
	EndGlobalSection
	GlobalSection(ExtensibilityGlobals) = postSolution
		SolutionGuid = {4FF29C8E-789F-4F46-8765-7686C4C7BD66}
	EndGlobalSection
EndGlobal
