
Microsoft Visual Studio Solution File, Format Version 12.00
# Visual Studio 15
VisualStudioVersion = 15.0.28307.1321
MinimumVisualStudioVersion = 10.0.40219.1
Project("{FAE04EC0-301F-11D3-BF4B-00C04F79EFBC}") = "URI1021", "URI1021\URI1021.csproj", "{F7E17B58-A7A8-49A5-8BFA-77E56E50CF93}"
EndProject
Global
	GlobalSection(SolutionConfigurationPlatforms) = preSolution
		Debug|Any CPU = Debug|Any CPU
		Release|Any CPU = Release|Any CPU
	EndGlobalSection
	GlobalSection(ProjectConfigurationPlatforms) = postSolution
		{F7E17B58-A7A8-49A5-8BFA-77E56E50CF93}.Debug|Any CPU.ActiveCfg = Debug|Any CPU
		{F7E17B58-A7A8-49A5-8BFA-77E56E50CF93}.Debug|Any CPU.Build.0 = Debug|Any CPU
		{F7E17B58-A7A8-49A5-8BFA-77E56E50CF93}.Release|Any CPU.ActiveCfg = Release|Any CPU
		{F7E17B58-A7A8-49A5-8BFA-77E56E50CF93}.Release|Any CPU.Build.0 = Release|Any CPU
	EndGlobalSection
	GlobalSection(SolutionProperties) = preSolution
		HideSolutionNode = FALSE
	EndGlobalSection
	GlobalSection(ExtensibilityGlobals) = postSolution
		SolutionGuid = {2C8AE923-F3AB-4EDE-9062-680A4DAA03DE}
	EndGlobalSection
EndGlobal
