
Microsoft Visual Studio Solution File, Format Version 12.00
# Visual Studio 15
VisualStudioVersion = 15.0.28307.1321
MinimumVisualStudioVersion = 10.0.40219.1
Project("{FAE04EC0-301F-11D3-BF4B-00C04F79EFBC}") = "URI1013", "URI1013\URI1013.csproj", "{C5356DC9-3A79-41E0-92F1-127817531C79}"
EndProject
Project("{FAE04EC0-301F-11D3-BF4B-00C04F79EFBC}") = "1013URI", "1013URI\1013URI.csproj", "{39500AB5-ED57-4481-88C5-3F94368F3C19}"
EndProject
Global
	GlobalSection(SolutionConfigurationPlatforms) = preSolution
		Debug|Any CPU = Debug|Any CPU
		Release|Any CPU = Release|Any CPU
	EndGlobalSection
	GlobalSection(ProjectConfigurationPlatforms) = postSolution
		{C5356DC9-3A79-41E0-92F1-127817531C79}.Debug|Any CPU.ActiveCfg = Debug|Any CPU
		{C5356DC9-3A79-41E0-92F1-127817531C79}.Debug|Any CPU.Build.0 = Debug|Any CPU
		{C5356DC9-3A79-41E0-92F1-127817531C79}.Release|Any CPU.ActiveCfg = Release|Any CPU
		{C5356DC9-3A79-41E0-92F1-127817531C79}.Release|Any CPU.Build.0 = Release|Any CPU
		{39500AB5-ED57-4481-88C5-3F94368F3C19}.Debug|Any CPU.ActiveCfg = Debug|Any CPU
		{39500AB5-ED57-4481-88C5-3F94368F3C19}.Debug|Any CPU.Build.0 = Debug|Any CPU
		{39500AB5-ED57-4481-88C5-3F94368F3C19}.Release|Any CPU.ActiveCfg = Release|Any CPU
		{39500AB5-ED57-4481-88C5-3F94368F3C19}.Release|Any CPU.Build.0 = Release|Any CPU
	EndGlobalSection
	GlobalSection(SolutionProperties) = preSolution
		HideSolutionNode = FALSE
	EndGlobalSection
	GlobalSection(ExtensibilityGlobals) = postSolution
		SolutionGuid = {B291EF4D-A1BD-41FE-9AF6-0470B3DAA9D5}
	EndGlobalSection
EndGlobal
