
Microsoft Visual Studio Solution File, Format Version 12.00
# Visual Studio Version 16
VisualStudioVersion = 16.0.31205.134
MinimumVisualStudioVersion = 10.0.40219.1
Project("{FAE04EC0-301F-11D3-BF4B-00C04F79EFBC}") = "Solve-1", "Solve-1\Solve-1.csproj", "{30418834-8461-4836-817D-4418B6C5B4D9}"
EndProject
Project("{FAE04EC0-301F-11D3-BF4B-00C04F79EFBC}") = "Solve-2", "Solve-2\Solve-2.csproj", "{2760768A-D7F8-4552-B0C0-CA39EF43E89C}"
EndProject
Project("{FAE04EC0-301F-11D3-BF4B-00C04F79EFBC}") = "Solve-3", "Solve-3\Solve-3.csproj", "{F05465F7-4AA1-43DC-90E5-F9440A6B5118}"
EndProject
Project("{FAE04EC0-301F-11D3-BF4B-00C04F79EFBC}") = "Solve-4", "Solve-4\Solve-4.csproj", "{47A22441-07CE-4273-B3B5-901EBE9771F0}"
EndProject
Global
	GlobalSection(SolutionConfigurationPlatforms) = preSolution
		Debug|Any CPU = Debug|Any CPU
		Release|Any CPU = Release|Any CPU
	EndGlobalSection
	GlobalSection(ProjectConfigurationPlatforms) = postSolution
		{30418834-8461-4836-817D-4418B6C5B4D9}.Debug|Any CPU.ActiveCfg = Debug|Any CPU
		{30418834-8461-4836-817D-4418B6C5B4D9}.Debug|Any CPU.Build.0 = Debug|Any CPU
		{30418834-8461-4836-817D-4418B6C5B4D9}.Release|Any CPU.ActiveCfg = Release|Any CPU
		{30418834-8461-4836-817D-4418B6C5B4D9}.Release|Any CPU.Build.0 = Release|Any CPU
		{2760768A-D7F8-4552-B0C0-CA39EF43E89C}.Debug|Any CPU.ActiveCfg = Debug|Any CPU
		{2760768A-D7F8-4552-B0C0-CA39EF43E89C}.Debug|Any CPU.Build.0 = Debug|Any CPU
		{2760768A-D7F8-4552-B0C0-CA39EF43E89C}.Release|Any CPU.ActiveCfg = Release|Any CPU
		{2760768A-D7F8-4552-B0C0-CA39EF43E89C}.Release|Any CPU.Build.0 = Release|Any CPU
		{F05465F7-4AA1-43DC-90E5-F9440A6B5118}.Debug|Any CPU.ActiveCfg = Debug|Any CPU
		{F05465F7-4AA1-43DC-90E5-F9440A6B5118}.Debug|Any CPU.Build.0 = Debug|Any CPU
		{F05465F7-4AA1-43DC-90E5-F9440A6B5118}.Release|Any CPU.ActiveCfg = Release|Any CPU
		{F05465F7-4AA1-43DC-90E5-F9440A6B5118}.Release|Any CPU.Build.0 = Release|Any CPU
		{47A22441-07CE-4273-B3B5-901EBE9771F0}.Debug|Any CPU.ActiveCfg = Debug|Any CPU
		{47A22441-07CE-4273-B3B5-901EBE9771F0}.Debug|Any CPU.Build.0 = Debug|Any CPU
		{47A22441-07CE-4273-B3B5-901EBE9771F0}.Release|Any CPU.ActiveCfg = Release|Any CPU
		{47A22441-07CE-4273-B3B5-901EBE9771F0}.Release|Any CPU.Build.0 = Release|Any CPU
	EndGlobalSection
	GlobalSection(SolutionProperties) = preSolution
		HideSolutionNode = FALSE
	EndGlobalSection
	GlobalSection(ExtensibilityGlobals) = postSolution
		SolutionGuid = {7333E2C2-6B7E-4DB7-9B45-14EEBB892289}
	EndGlobalSection
EndGlobal
